// !$*UTF8*$!
{
	archiveVersion = 1;
	classes = {
	};
	objectVersion = 46;
	objects = {

/* Begin PBXBuildFile section */
		7E3609961EE3B9310068992A /* AppDelegate.swift in Sources */ = {isa = PBXBuildFile; fileRef = 7E3609951EE3B9310068992A /* AppDelegate.swift */; };
		7E3609981EE3B9310068992A /* ViewController.swift in Sources */ = {isa = PBXBuildFile; fileRef = 7E3609971EE3B9310068992A /* ViewController.swift */; };
		7E36099B1EE3B9310068992A /* Main.storyboard in Resources */ = {isa = PBXBuildFile; fileRef = 7E3609991EE3B9310068992A /* Main.storyboard */; };
		7E36099E1EE3B9310068992A /* TodoApp.xcdatamodeld in Sources */ = {isa = PBXBuildFile; fileRef = 7E36099C1EE3B9310068992A /* TodoApp.xcdatamodeld */; };
		7E3609A01EE3B9310068992A /* Assets.xcassets in Resources */ = {isa = PBXBuildFile; fileRef = 7E36099F1EE3B9310068992A /* Assets.xcassets */; };
		7E3609A31EE3B9310068992A /* LaunchScreen.storyboard in Resources */ = {isa = PBXBuildFile; fileRef = 7E3609A11EE3B9310068992A /* LaunchScreen.storyboard */; };
		7E3609AC1EE5A0930068992A /* Todo+CoreDataClass.swift in Sources */ = {isa = PBXBuildFile; fileRef = 7E3609AA1EE5A0930068992A /* Todo+CoreDataClass.swift */; };
		7E3609AD1EE5A0930068992A /* Todo+CoreDataProperties.swift in Sources */ = {isa = PBXBuildFile; fileRef = 7E3609AB1EE5A0930068992A /* Todo+CoreDataProperties.swift */; };
/* End PBXBuildFile section */

/* Begin PBXFileReference section */
		7E3609921EE3B9310068992A /* TodoApp.app */ = {isa = PBXFileReference; explicitFileType = wrapper.application; includeInIndex = 0; path = TodoApp.app; sourceTree = BUILT_PRODUCTS_DIR; };
		7E3609951EE3B9310068992A /* AppDelegate.swift */ = {isa = PBXFileReference; lastKnownFileType = sourcecode.swift; path = AppDelegate.swift; sourceTree = "<group>"; };
		7E3609971EE3B9310068992A /* ViewController.swift */ = {isa = PBXFileReference; lastKnownFileType = sourcecode.swift; path = ViewController.swift; sourceTree = "<group>"; };
		7E36099A1EE3B9310068992A /* Base */ = {isa = PBXFileReference; lastKnownFileType = file.storyboard; name = Base; path = Base.lproj/Main.storyboard; sourceTree = "<group>"; };
		7E36099D1EE3B9310068992A /* TodoApp.xcdatamodel */ = {isa = PBXFileReference; lastKnownFileType = wrapper.xcdatamodel; path = TodoApp.xcdatamodel; sourceTree = "<group>"; };
		7E36099F1EE3B9310068992A /* Assets.xcassets */ = {isa = PBXFileReference; lastKnownFileType = folder.assetcatalog; path = Assets.xcassets; sourceTree = "<group>"; };
		7E3609A21EE3B9310068992A /* Base */ = {isa = PBXFileReference; lastKnownFileType = file.storyboard; name = Base; path = Base.lproj/LaunchScreen.storyboard; sourceTree = "<group>"; };
		7E3609A41EE3B9310068992A /* Info.plist */ = {isa = PBXFileReference; lastKnownFileType = text.plist.xml; path = Info.plist; sourceTree = "<group>"; };
		7E3609AA1EE5A0930068992A /* Todo+CoreDataClass.swift */ = {isa = PBXFileReference; fileEncoding = 4; lastKnownFileType = sourcecode.swift; path = "Todo+CoreDataClass.swift"; sourceTree = "<group>"; };
		7E3609AB1EE5A0930068992A /* Todo+CoreDataProperties.swift */ = {isa = PBXFileReference; fileEncoding = 4; lastKnownFileType = sourcecode.swift; path = "Todo+CoreDataProperties.swift"; sourceTree = "<group>"; };
/* End PBXFileReference section */

/* Begin PBXFrameworksBuildPhase section */
		7E36098F1EE3B9310068992A /* Frameworks */ = {
			isa = PBXFrameworksBuildPhase;
			buildActionMask = 2147483647;
			files = (
			);
			runOnlyForDeploymentPostprocessing = 0;
		};
/* End PBXFrameworksBuildPhase section */

/* Begin PBXGroup section */
		7E3609891EE3B9310068992A = {
			isa = PBXGroup;
			children = (
				7E3609AA1EE5A0930068992A /* Todo+CoreDataClass.swift */,
				7E3609AB1EE5A0930068992A /* Todo+CoreDataProperties.swift */,
				7E3609941EE3B9310068992A /* TodoApp */,
				7E3609931EE3B9310068992A /* Products */,
			);
			sourceTree = "<group>";
		};
		7E3609931EE3B9310068992A /* Products */ = {
			isa = PBXGroup;
			children = (
				7E3609921EE3B9310068992A /* TodoApp.app */,
			);
			name = Products;
			sourceTree = "<group>";
		};
		7E3609941EE3B9310068992A /* TodoApp */ = {
			isa = PBXGroup;
			children = (
				7E3609951EE3B9310068992A /* AppDelegate.swift */,
				7E3609971EE3B9310068992A /* ViewController.swift */,
				7E3609991EE3B9310068992A /* Main.storyboard */,
				7E36099F1EE3B9310068992A /* Assets.xcassets */,
				7E3609A11EE3B9310068992A /* LaunchScreen.storyboard */,
				7E3609A41EE3B9310068992A /* Info.plist */,
				7E36099C1EE3B9310068992A /* TodoApp.xcdatamodeld */,
			);
			path = TodoApp;
			sourceTree = "<group>";
		};
/* End PBXGroup section */

/* Begin PBXNativeTarget section */
		7E3609911EE3B9310068992A /* TodoApp */ = {
			isa = PBXNativeTarget;
			buildConfigurationList = 7E3609A71EE3B9310068992A /* Build configuration list for PBXNativeTarget "TodoApp" */;
			buildPhases = (
				7E36098E1EE3B9310068992A /* Sources */,
				7E36098F1EE3B9310068992A /* Frameworks */,
				7E3609901EE3B9310068992A /* Resources */,
			);
			buildRules = (
			);
			dependencies = (
			);
			name = TodoApp;
			productName = TodoApp;
			productReference = 7E3609921EE3B9310068992A /* TodoApp.app */;
			productType = "com.apple.product-type.application";
		};
/* End PBXNativeTarget section */

/* Begin PBXProject section */
		7E36098A1EE3B9310068992A /* Project object */ = {
			isa = PBXProject;
			attributes = {
				LastSwiftUpdateCheck = 0830;
				LastUpgradeCheck = 0830;
				ORGANIZATIONNAME = "Sasakura Hirofumi";
				TargetAttributes = {
					7E3609911EE3B9310068992A = {
						CreatedOnToolsVersion = 8.3;
						DevelopmentTeam = 6S724ALA48;
						ProvisioningStyle = Automatic;
					};
				};
			};
			buildConfigurationList = 7E36098D1EE3B9310068992A /* Build configuration list for PBXProject "TodoApp" */;
			compatibilityVersion = "Xcode 3.2";
			developmentRegion = English;
			hasScannedForEncodings = 0;
			knownRegions = (
				en,
				Base,
			);
			mainGroup = 7E3609891EE3B9310068992A;
			productRefGroup = 7E3609931EE3B9310068992A /* Products */;
			projectDirPath = "";
			projectRoot = "";
			targets = (
				7E3609911EE3B9310068992A /* TodoApp */,
			);
		};
/* End PBXProject section */

/* Begin PBXResourcesBuildPhase section */
		7E3609901EE3B9310068992A /* Resources */ = {
			isa = PBXResourcesBuildPhase;
			buildActionMask = 2147483647;
			files = (
				7E3609A31EE3B9310068992A /* LaunchScreen.storyboard in Resources */,
				7E3609A01EE3B9310068992A /* Assets.xcassets in Resources */,
				7E36099B1EE3B9310068992A /* Main.storyboard in Resources */,
			);
			runOnlyForDeploymentPostprocessing = 0;
		};
/* End PBXResourcesBuildPhase section */

/* Begin PBXSourcesBuildPhase section */
		7E36098E1EE3B9310068992A /* Sources */ = {
			isa = PBXSourcesBuildPhase;
			buildActionMask = 2147483647;
			files = (
				7E3609981EE3B9310068992A /* ViewController.swift in Sources */,
				7E3609AC1EE5A0930068992A /* Todo+CoreDataClass.swift in Sources */,
				7E36099E1EE3B9310068992A /* TodoApp.xcdatamodeld in Sources */,
				7E3609961EE3B9310068992A /* AppDelegate.swift in Sources */,
				7E3609AD1EE5A0930068992A /* Todo+CoreDataProperties.swift in Sources */,
			);
			runOnlyForDeploymentPostprocessing = 0;
		};
/* End PBXSourcesBuildPhase section */

/* Begin PBXVariantGroup section */
		7E3609991EE3B9310068992A /* Main.storyboard */ = {
			isa = PBXVariantGroup;
			children = (
				7E36099A1EE3B9310068992A /* Base */,
			);
			name = Main.storyboard;
			sourceTree = "<group>";
		};
		7E3609A11EE3B9310068992A /* LaunchScreen.storyboard */ = {
			isa = PBXVariantGroup;
			children = (
				7E3609A21EE3B9310068992A /* Base */,
			);
			name = LaunchScreen.storyboard;
			sourceTree = "<group>";
		};
/* End PBXVariantGroup section */

/* Begin XCBuildConfiguration section */
		7E3609A51EE3B9310068992A /* Debug */ = {
			isa = XCBuildConfiguration;
			buildSettings = {
				ALWAYS_SEARCH_USER_PATHS = NO;
				CLANG_ANALYZER_NONNULL = YES;
				CLANG_ANALYZER_NUMBER_OBJECT_CONVERSION = YES_AGGRESSIVE;
				CLANG_CXX_LANGUAGE_STANDARD = "gnu++0x";
				CLANG_CXX_LIBRARY = "libc++";
				CLANG_ENABLE_MODULES = YES;
				CLANG_ENABLE_OBJC_ARC = YES;
				CLANG_WARN_BOOL_CONVERSION = YES;
				CLANG_WARN_CONSTANT_CONVERSION = YES;
				CLANG_WARN_DIRECT_OBJC_ISA_USAGE = YES_ERROR;
				CLANG_WARN_DOCUMENTATION_COMMENTS = YES;
				CLANG_WARN_EMPTY_BODY = YES;
				CLANG_WARN_ENUM_CONVERSION = YES;
				CLANG_WARN_INFINITE_RECURSION = YES;
				CLANG_WARN_INT_CONVERSION = YES;
				CLANG_WARN_OBJC_ROOT_CLASS = YES_ERROR;
				CLANG_WARN_SUSPICIOUS_MOVE = YES;
				CLANG_WARN_UNREACHABLE_CODE = YES;
				CLANG_WARN__DUPLICATE_METHOD_MATCH = YES;
				"CODE_SIGN_IDENTITY[sdk=iphoneos*]" = "iPhone Developer";
				COPY_PHASE_STRIP = NO;
				DEBUG_INFORMATION_FORMAT = dwarf;
				ENABLE_STRICT_OBJC_MSGSEND = YES;
				ENABLE_TESTABILITY = YES;
				GCC_C_LANGUAGE_STANDARD = gnu99;
				GCC_DYNAMIC_NO_PIC = NO;
				GCC_NO_COMMON_BLOCKS = YES;
				GCC_OPTIMIZATION_LEVEL = 0;
				GCC_PREPROCESSOR_DEFINITIONS = (
					"DEBUG=1",
					"$(inherited)",
				);
				GCC_WARN_64_TO_32_BIT_CONVERSION = YES;
				GCC_WARN_ABOUT_RETURN_TYPE = YES_ERROR;
				GCC_WARN_UNDECLARED_SELECTOR = YES;
				GCC_WARN_UNINITIALIZED_AUTOS = YES_AGGRESSIVE;
				GCC_WARN_UNUSED_FUNCTION = YES;
				GCC_WARN_UNUSED_VARIABLE = YES;
				IPHONEOS_DEPLOYMENT_TARGET = 10.3;
				MTL_ENABLE_DEBUG_INFO = YES;
				ONLY_ACTIVE_ARCH = YES;
				SDKROOT = iphoneos;
				SWIFT_ACTIVE_COMPILATION_CONDITIONS = DEBUG;
				SWIFT_OPTIMIZATION_LEVEL = "-Onone";
			};
			name = Debug;
		};
		7E3609A61EE3B9310068992A /* Release */ = {
			isa = XCBuildConfiguration;
			buildSettings = {
				ALWAYS_SEARCH_USER_PATHS = NO;
				CLANG_ANALYZER_NONNULL = YES;
				CLANG_ANALYZER_NUMBER_OBJECT_CONVERSION = YES_AGGRESSIVE;
				CLANG_CXX_LANGUAGE_STANDARD = "gnu++0x";
				CLANG_CXX_LIBRARY = "libc++";
				CLANG_ENABLE_MODULES = YES;
				CLANG_ENABLE_OBJC_ARC = YES;
				CLANG_WARN_BOOL_CONVERSION = YES;
				CLANG_WARN_CONSTANT_CONVERSION = YES;
				CLANG_WARN_DIRECT_OBJC_ISA_USAGE = YES_ERROR;
				CLANG_WARN_DOCUMENTATION_COMMENTS = YES;
				CLANG_WARN_EMPTY_BODY = YES;
				CLANG_WARN_ENUM_CONVERSION = YES;
				CLANG_WARN_INFINITE_RECURSION = YES;
				CLANG_WARN_INT_CONVERSION = YES;
				CLANG_WARN_OBJC_ROOT_CLASS = YES_ERROR;
				CLANG_WARN_SUSPICIOUS_MOVE = YES;
				CLANG_WARN_UNREACHABLE_CODE = YES;
				CLANG_WARN__DUPLICATE_METHOD_MATCH = YES;
				"CODE_SIGN_IDENTITY[sdk=iphoneos*]" = "iPhone Developer";
				COPY_PHASE_STRIP = NO;
				DEBUG_INFORMATION_FORMAT = "dwarf-with-dsym";
				ENABLE_NS_ASSERTIONS = NO;
				ENABLE_STRICT_OBJC_MSGSEND = YES;
				GCC_C_LANGUAGE_STANDARD = gnu99;
				GCC_NO_COMMON_BLOCKS = YES;
				GCC_WARN_64_TO_32_BIT_CONVERSION = YES;
				GCC_WARN_ABOUT_RETURN_TYPE = YES_ERROR;
				GCC_WARN_UNDECLARED_SELECTOR = YES;
				GCC_WARN_UNINITIALIZED_AUTOS = YES_AGGRESSIVE;
				GCC_WARN_UNUSED_FUNCTION = YES;
				GCC_WARN_UNUSED_VARIABLE = YES;
				IPHONEOS_DEPLOYMENT_TARGET = 10.3;
				MTL_ENABLE_DEBUG_INFO = NO;
				SDKROOT = iphoneos;
				SWIFT_OPTIMIZATION_LEVEL = "-Owholemodule";
				VALIDATE_PRODUCT = YES;
			};
			name = Release;
		};
		7E3609A81EE3B9310068992A /* Debug */ = {
			isa = XCBuildConfiguration;
			buildSettings = {
				ASSETCATALOG_COMPILER_APPICON_NAME = AppIcon;
				DEVELOPMENT_TEAM = 6S724ALA48;
				INFOPLIST_FILE = TodoApp/Info.plist;
				LD_RUNPATH_SEARCH_PATHS = "$(inherited) @executable_path/Frameworks";
				PRODUCT_BUNDLE_IDENTIFIER = jp.hirofumisasakura.TodoApp;
				PRODUCT_NAME = "$(TARGET_NAME)";
				SWIFT_VERSION = 3.0;
			};
			name = Debug;
		};
		7E3609A91EE3B9310068992A /* Release */ = {
			isa = XCBuildConfiguration;
			buildSettings = {
				ASSETCATALOG_COMPILER_APPICON_NAME = AppIcon;
				DEVELOPMENT_TEAM = 6S724ALA48;
				INFOPLIST_FILE = TodoApp/Info.plist;
				LD_RUNPATH_SEARCH_PATHS = "$(inherited) @executable_path/Frameworks";
				PRODUCT_BUNDLE_IDENTIFIER = jp.hirofumisasakura.TodoApp;
				PRODUCT_NAME = "$(TARGET_NAME)";
				SWIFT_VERSION = 3.0;
			};
			name = Release;
		};
/* End XCBuildConfiguration section */

/* Begin XCConfigurationList section */
		7E36098D1EE3B9310068992A /* Build configuration list for PBXProject "TodoApp" */ = {
			isa = XCConfigurationList;
			buildConfigurations = (
				7E3609A51EE3B9310068992A /* Debug */,
				7E3609A61EE3B9310068992A /* Release */,
			);
			defaultConfigurationIsVisible = 0;
			defaultConfigurationName = Release;
		};
		7E3609A71EE3B9310068992A /* Build configuration list for PBXNativeTarget "TodoApp" */ = {
			isa = XCConfigurationList;
			buildConfigurations = (
				7E3609A81EE3B9310068992A /* Debug */,
				7E3609A91EE3B9310068992A /* Release */,
			);
			defaultConfigurationIsVisible = 0;
		};
/* End XCConfigurationList section */

/* Begin XCVersionGroup section */
		7E36099C1EE3B9310068992A /* TodoApp.xcdatamodeld */ = {
			isa = XCVersionGroup;
			children = (
				7E36099D1EE3B9310068992A /* TodoApp.xcdatamodel */,
			);
			currentVersion = 7E36099D1EE3B9310068992A /* TodoApp.xcdatamodel */;
			path = TodoApp.xcdatamodeld;
			sourceTree = "<group>";
			versionGroupType = wrapper.xcdatamodel;
		};
/* End XCVersionGroup section */
	};
	rootObject = 7E36098A1EE3B9310068992A /* Project object */;
}
